
Microsoft Visual Studio Solution File, Format Version 12.00
# Visual Studio Version 16
VisualStudioVersion = 16.0.28803.352
MinimumVisualStudioVersion = 10.0.40219.1
Project("{FAE04EC0-301F-11D3-BF4B-00C04F79EFBC}") = "VehicleConfigurator", "VehicleConfigurator\VehicleConfigurator.csproj", "{FC392A6F-5E4C-4446-980D-DA6660B25877}"
EndProject
Global
	GlobalSection(SolutionConfigurationPlatforms) = preSolution
		Debug|Any CPU = Debug|Any CPU
		Release|Any CPU = Release|Any CPU
	EndGlobalSection
	GlobalSection(ProjectConfigurationPlatforms) = postSolution
		{FC392A6F-5E4C-4446-980D-DA6660B25877}.Debug|Any CPU.ActiveCfg = Debug|Any CPU
		{FC392A6F-5E4C-4446-980D-DA6660B25877}.Debug|Any CPU.Build.0 = Debug|Any CPU
		{FC392A6F-5E4C-4446-980D-DA6660B25877}.Release|Any CPU.ActiveCfg = Release|Any CPU
		{FC392A6F-5E4C-4446-980D-DA6660B25877}.Release|Any CPU.Build.0 = Release|Any CPU
	EndGlobalSection
	GlobalSection(SolutionProperties) = preSolution
		HideSolutionNode = FALSE
	EndGlobalSection
	GlobalSection(ExtensibilityGlobals) = postSolution
		SolutionGuid = {FF885DE1-B791-4F1B-914D-7F6B07FE94BB}
	EndGlobalSection
EndGlobal
